
Microsoft Visual Studio Solution File, Format Version 12.00
# Visual Studio 2012
Project("{FAE04EC0-301F-11D3-BF4B-00C04F79EFBC}") = "Part2", "Part2.csproj", "{6A723240-2BEB-4B25-AE15-58D802E1BEA7}"
EndProject
Global
	GlobalSection(SolutionConfigurationPlatforms) = preSolution
		Debug|x86 = Debug|x86
		Release|x86 = Release|x86
	EndGlobalSection
	GlobalSection(ProjectConfigurationPlatforms) = postSolution
		{6A723240-2BEB-4B25-AE15-58D802E1BEA7}.Debug|x86.ActiveCfg = Debug|x86
		{6A723240-2BEB-4B25-AE15-58D802E1BEA7}.Debug|x86.Build.0 = Debug|x86
		{6A723240-2BEB-4B25-AE15-58D802E1BEA7}.Release|x86.ActiveCfg = Release|x86
		{6A723240-2BEB-4B25-AE15-58D802E1BEA7}.Release|x86.Build.0 = Release|x86
	EndGlobalSection
	GlobalSection(MonoDevelopProperties) = preSolution
		StartupItem = Part2.csproj
	EndGlobalSection
EndGlobal
